
Microsoft Visual Studio Solution File, Format Version 12.00
# Visual Studio 2013
VisualStudioVersion = 12.0.30501.0
MinimumVisualStudioVersion = 10.0.40219.1
Project("{FAE04EC0-301F-11D3-BF4B-00C04F79EFBC}") = "TryCodeFirst", "TryCodeFirst\TryCodeFirst.csproj", "{2D283EEE-FE6E-4D64-9C55-ED4EA26F4111}"
EndProject
Project("{FAE04EC0-301F-11D3-BF4B-00C04F79EFBC}") = "TryCodeFirst.Web", "TryCodeFirst.Web\TryCodeFirst.Web.csproj", "{EA34D1AC-50F7-4904-BFF6-2E273811580A}"
EndProject
Global
	GlobalSection(SolutionConfigurationPlatforms) = preSolution
		Debug|Any CPU = Debug|Any CPU
		Release|Any CPU = Release|Any CPU
	EndGlobalSection
	GlobalSection(ProjectConfigurationPlatforms) = postSolution
		{2D283EEE-FE6E-4D64-9C55-ED4EA26F4111}.Debug|Any CPU.ActiveCfg = Debug|Any CPU
		{2D283EEE-FE6E-4D64-9C55-ED4EA26F4111}.Debug|Any CPU.Build.0 = Debug|Any CPU
		{2D283EEE-FE6E-4D64-9C55-ED4EA26F4111}.Release|Any CPU.ActiveCfg = Release|Any CPU
		{2D283EEE-FE6E-4D64-9C55-ED4EA26F4111}.Release|Any CPU.Build.0 = Release|Any CPU
		{EA34D1AC-50F7-4904-BFF6-2E273811580A}.Debug|Any CPU.ActiveCfg = Debug|Any CPU
		{EA34D1AC-50F7-4904-BFF6-2E273811580A}.Debug|Any CPU.Build.0 = Debug|Any CPU
		{EA34D1AC-50F7-4904-BFF6-2E273811580A}.Release|Any CPU.ActiveCfg = Release|Any CPU
		{EA34D1AC-50F7-4904-BFF6-2E273811580A}.Release|Any CPU.Build.0 = Release|Any CPU
	EndGlobalSection
	GlobalSection(SolutionProperties) = preSolution
		HideSolutionNode = FALSE
	EndGlobalSection
EndGlobal
